// !$*UTF8*$!
{
	archiveVersion = 1;
	classes = {
	};
	objectVersion = 51;
	objects = {

/* Begin PBXBuildFile section */
		74C9CDCA375DDC578EA9EBAF /* Pods_MovieApp_MovieAppUITests.framework in Frameworks */ = {isa = PBXBuildFile; fileRef = 13474A9986CEC35C5CECD0FC /* Pods_MovieApp_MovieAppUITests.framework */; };
		812E30A32B638DB6EA8CAD49 /* Pods_MovieApp.framework in Frameworks */ = {isa = PBXBuildFile; fileRef = 9979CEDC2914F7486CACC315 /* Pods_MovieApp.framework */; };
		A10FF24F26348F6A0082FAA9 /* SimilarMovieCollectionView.swift in Sources */ = {isa = PBXBuildFile; fileRef = A10FF24D26348F6A0082FAA9 /* SimilarMovieCollectionView.swift */; };
		A10FF25026348F6A0082FAA9 /* SimilarMovieCollectionView.xib in Resources */ = {isa = PBXBuildFile; fileRef = A10FF24E26348F6A0082FAA9 /* SimilarMovieCollectionView.xib */; };
		A10FF25526348FCE0082FAA9 /* SimilarCollectionViewDataSource.swift in Sources */ = {isa = PBXBuildFile; fileRef = A10FF25426348FCE0082FAA9 /* SimilarCollectionViewDataSource.swift */; };
		A16262E42631ED22001AC0AB /* SynoypsisRepository.swift in Sources */ = {isa = PBXBuildFile; fileRef = A16262E32631ED22001AC0AB /* SynoypsisRepository.swift */; };
		A16262E92631ED35001AC0AB /* UserReviewsRepository.swift in Sources */ = {isa = PBXBuildFile; fileRef = A16262E82631ED35001AC0AB /* UserReviewsRepository.swift */; };
		A16262EE2631ED51001AC0AB /* MovieCastRepository.swift in Sources */ = {isa = PBXBuildFile; fileRef = A16262ED2631ED51001AC0AB /* MovieCastRepository.swift */; };
		A16262F32631ED64001AC0AB /* SimilarMovieRepository.swift in Sources */ = {isa = PBXBuildFile; fileRef = A16262F22631ED64001AC0AB /* SimilarMovieRepository.swift */; };
		A16262F92631EEA6001AC0AB /* SynoypsisResponse.swift in Sources */ = {isa = PBXBuildFile; fileRef = A16262F82631EEA6001AC0AB /* SynoypsisResponse.swift */; };
		A16263012631F06A001AC0AB /* UserReviewsResponse.swift in Sources */ = {isa = PBXBuildFile; fileRef = A16263002631F06A001AC0AB /* UserReviewsResponse.swift */; };
		A162630E2631F1EE001AC0AB /* MovieCastResponse.swift in Sources */ = {isa = PBXBuildFile; fileRef = A162630D2631F1EE001AC0AB /* MovieCastResponse.swift */; };
		A16263132631F374001AC0AB /* SimilarMovieResponse.swift in Sources */ = {isa = PBXBuildFile; fileRef = A16263122631F374001AC0AB /* SimilarMovieResponse.swift */; };
		A17092922634008F00E5A76B /* SimilarMovieCollectionReusableView.swift in Sources */ = {isa = PBXBuildFile; fileRef = A17092902634008F00E5A76B /* SimilarMovieCollectionReusableView.swift */; };
		A17092932634008F00E5A76B /* SimilarMovieCollectionReusableView.xib in Resources */ = {isa = PBXBuildFile; fileRef = A17092912634008F00E5A76B /* SimilarMovieCollectionReusableView.xib */; };
		A17092982634012600E5A76B /* UICollectionReusableView + Extension.swift in Sources */ = {isa = PBXBuildFile; fileRef = A17092972634012600E5A76B /* UICollectionReusableView + Extension.swift */; };
		A17092A0263402D000E5A76B /* CustomerReviewCollectionReusableView.swift in Sources */ = {isa = PBXBuildFile; fileRef = A170929E263402D000E5A76B /* CustomerReviewCollectionReusableView.swift */; };
		A17092A1263402D000E5A76B /* CustomerReviewCollectionReusableView.xib in Resources */ = {isa = PBXBuildFile; fileRef = A170929F263402D000E5A76B /* CustomerReviewCollectionReusableView.xib */; };
		A17092AB2634030200E5A76B /* MovieCastCollectionReusableView.swift in Sources */ = {isa = PBXBuildFile; fileRef = A17092A92634030200E5A76B /* MovieCastCollectionReusableView.swift */; };
		A17092AC2634030200E5A76B /* MovieCastCollectionReusableView.xib in Resources */ = {isa = PBXBuildFile; fileRef = A17092AA2634030200E5A76B /* MovieCastCollectionReusableView.xib */; };
		A17245BC26332F3E00649F0E /* MovieDetail.storyboard in Resources */ = {isa = PBXBuildFile; fileRef = A17245BB26332F3E00649F0E /* MovieDetail.storyboard */; };
		A17245C126332F7D00649F0E /* MovieDetailViewController.swift in Sources */ = {isa = PBXBuildFile; fileRef = A17245C026332F7D00649F0E /* MovieDetailViewController.swift */; };
		A17245C626332FF400649F0E /* MovieDetailDataSource.swift in Sources */ = {isa = PBXBuildFile; fileRef = A17245C526332FF400649F0E /* MovieDetailDataSource.swift */; };
		A17245D12633366000649F0E /* SynoypsisCollectionViewCell.swift in Sources */ = {isa = PBXBuildFile; fileRef = A17245CF2633366000649F0E /* SynoypsisCollectionViewCell.swift */; };
		A17245D22633366000649F0E /* SynoypsisCollectionViewCell.xib in Resources */ = {isa = PBXBuildFile; fileRef = A17245D02633366000649F0E /* SynoypsisCollectionViewCell.xib */; };
		A1A090FF262F313E003CCF7E /* AppDelegate.swift in Sources */ = {isa = PBXBuildFile; fileRef = A1A090FE262F313E003CCF7E /* AppDelegate.swift */; };
		A1A09101262F313E003CCF7E /* SceneDelegate.swift in Sources */ = {isa = PBXBuildFile; fileRef = A1A09100262F313E003CCF7E /* SceneDelegate.swift */; };
		A1A09106262F313E003CCF7E /* Main.storyboard in Resources */ = {isa = PBXBuildFile; fileRef = A1A09104262F313E003CCF7E /* Main.storyboard */; };
		A1A09109262F313E003CCF7E /* MovieApp.xcdatamodeld in Sources */ = {isa = PBXBuildFile; fileRef = A1A09107262F313E003CCF7E /* MovieApp.xcdatamodeld */; };
		A1A0910B262F3142003CCF7E /* Assets.xcassets in Resources */ = {isa = PBXBuildFile; fileRef = A1A0910A262F3142003CCF7E /* Assets.xcassets */; };
		A1A0910E262F3142003CCF7E /* LaunchScreen.storyboard in Resources */ = {isa = PBXBuildFile; fileRef = A1A0910C262F3142003CCF7E /* LaunchScreen.storyboard */; };
		A1A09124262F3142003CCF7E /* MovieAppUITests.swift in Sources */ = {isa = PBXBuildFile; fileRef = A1A09123262F3142003CCF7E /* MovieAppUITests.swift */; };
		A1A09136262F31F8003CCF7E /* MovieApp-Dev.xcconfig in Resources */ = {isa = PBXBuildFile; fileRef = A1A09135262F31F8003CCF7E /* MovieApp-Dev.xcconfig */; };
		A1A0913B262F343C003CCF7E /* Environment.swift in Sources */ = {isa = PBXBuildFile; fileRef = A1A0913A262F343C003CCF7E /* Environment.swift */; };
		A1A09147262F3A41003CCF7E /* HTTPTask.swift in Sources */ = {isa = PBXBuildFile; fileRef = A1A09146262F3A41003CCF7E /* HTTPTask.swift */; };
		A1A0914F262F3A72003CCF7E /* MovieApiRoute.swift in Sources */ = {isa = PBXBuildFile; fileRef = A1A0914E262F3A72003CCF7E /* MovieApiRoute.swift */; };
		A1C8313E2634335C00B650CB /* SimilarMovieCollectionViewCell.swift in Sources */ = {isa = PBXBuildFile; fileRef = A1C8313C2634335C00B650CB /* SimilarMovieCollectionViewCell.swift */; };
		A1C8313F2634335C00B650CB /* SimilarMovieCollectionViewCell.xib in Resources */ = {isa = PBXBuildFile; fileRef = A1C8313D2634335C00B650CB /* SimilarMovieCollectionViewCell.xib */; };
		A1C8314726343ED000B650CB /* MovieCastCollectionViewCell.swift in Sources */ = {isa = PBXBuildFile; fileRef = A1C8314526343ED000B650CB /* MovieCastCollectionViewCell.swift */; };
		A1C8314826343ED000B650CB /* MovieCastCollectionViewCell.xib in Resources */ = {isa = PBXBuildFile; fileRef = A1C8314626343ED000B650CB /* MovieCastCollectionViewCell.xib */; };
		A1C8314E2634458F00B650CB /* CustomerReviewViewController.swift in Sources */ = {isa = PBXBuildFile; fileRef = A1C8314D2634458F00B650CB /* CustomerReviewViewController.swift */; };
		A1C83156263445E000B650CB /* CustomerReviewDataSource.swift in Sources */ = {isa = PBXBuildFile; fileRef = A1C83155263445E000B650CB /* CustomerReviewDataSource.swift */; };
		A1C8315D263448C300B650CB /* CustomerReviewTableViewCell.swift in Sources */ = {isa = PBXBuildFile; fileRef = A1C8315B263448C300B650CB /* CustomerReviewTableViewCell.swift */; };
		A1C8315E263448C300B650CB /* CustomerReviewTableViewCell.xib in Resources */ = {isa = PBXBuildFile; fileRef = A1C8315C263448C300B650CB /* CustomerReviewTableViewCell.xib */; };
		A1C8316626344C3200B650CB /* UITableViewCell + Extensions.swift in Sources */ = {isa = PBXBuildFile; fileRef = A1C8316526344C3200B650CB /* UITableViewCell + Extensions.swift */; };
		A1C8316B2634569E00B650CB /* String + Extension.swift in Sources */ = {isa = PBXBuildFile; fileRef = A1C8316A2634569E00B650CB /* String + Extension.swift */; };
		A1DBCAB7263138B400589379 /* MovieListRepository.swift in Sources */ = {isa = PBXBuildFile; fileRef = A1DBCAB6263138B400589379 /* MovieListRepository.swift */; };
		A1DBCAC226313C9D00589379 /* MovieList.storyboard in Resources */ = {isa = PBXBuildFile; fileRef = A1DBCAC126313C9D00589379 /* MovieList.storyboard */; };
		A1DBCAC726313CD700589379 /* MovieListViewController.swift in Sources */ = {isa = PBXBuildFile; fileRef = A1DBCAC626313CD700589379 /* MovieListViewController.swift */; };
		A1DBCACC263192B600589379 /* MovieListCollectionDataSource.swift in Sources */ = {isa = PBXBuildFile; fileRef = A1DBCACB263192B600589379 /* MovieListCollectionDataSource.swift */; };
		A1DBCAD62631967D00589379 /* MovieListCollectionViewCell.swift in Sources */ = {isa = PBXBuildFile; fileRef = A1DBCAD42631967D00589379 /* MovieListCollectionViewCell.swift */; };
		A1DBCAD72631967D00589379 /* MovieListCollectionViewCell.xib in Resources */ = {isa = PBXBuildFile; fileRef = A1DBCAD52631967D00589379 /* MovieListCollectionViewCell.xib */; };
		A1DBCAE02631980900589379 /* Constants.swift in Sources */ = {isa = PBXBuildFile; fileRef = A1DBCADF2631980900589379 /* Constants.swift */; };
		A1DBCAEB26319B0F00589379 /* MovieListResponse.swift in Sources */ = {isa = PBXBuildFile; fileRef = A1DBCAEA26319B0F00589379 /* MovieListResponse.swift */; };
		A1DBCAF126319CC200589379 /* UICollectionViewCell + Extensions.swift in Sources */ = {isa = PBXBuildFile; fileRef = A1DBCAF026319CC200589379 /* UICollectionViewCell + Extensions.swift */; };
		A1DBCAFA2631D47600589379 /* MovieListViewControllerTest.swift in Sources */ = {isa = PBXBuildFile; fileRef = A1DBCAF92631D47600589379 /* MovieListViewControllerTest.swift */; };
		A1DBCB0E2631D51B00589379 /* ProcessDummyJSON.swift in Sources */ = {isa = PBXBuildFile; fileRef = A1DBCB0D2631D51B00589379 /* ProcessDummyJSON.swift */; };
		A1DBCB1E2631D5F300589379 /* MockMovieListRepository.swift in Sources */ = {isa = PBXBuildFile; fileRef = A1DBCB1D2631D5F300589379 /* MockMovieListRepository.swift */; };
		A1DBCB2F2631E15100589379 /* GetNowPlayingResponse.json in Resources */ = {isa = PBXBuildFile; fileRef = A1DBCB2E2631E15100589379 /* GetNowPlayingResponse.json */; };
		A1DBCB3E2631E89500589379 /* UIImageView + Extension.swift in Sources */ = {isa = PBXBuildFile; fileRef = A1DBCB3D2631E89500589379 /* UIImageView + Extension.swift */; };
		ABCD9B54B80376CE7861F46E /* Pods_MovieAppTests.framework in Frameworks */ = {isa = PBXBuildFile; fileRef = 2E34D37BA1376C1C9FE13345 /* Pods_MovieAppTests.framework */; };
/* End PBXBuildFile section */

/* Begin PBXContainerItemProxy section */
		A1A09115262F3142003CCF7E /* PBXContainerItemProxy */ = {
			isa = PBXContainerItemProxy;
			containerPortal = A1A090F3262F313E003CCF7E /* Project object */;
			proxyType = 1;
			remoteGlobalIDString = A1A090FA262F313E003CCF7E;
			remoteInfo = MovieApp;
		};
		A1A09120262F3142003CCF7E /* PBXContainerItemProxy */ = {
			isa = PBXContainerItemProxy;
			containerPortal = A1A090F3262F313E003CCF7E /* Project object */;
			proxyType = 1;
			remoteGlobalIDString = A1A090FA262F313E003CCF7E;
			remoteInfo = MovieApp;
		};
/* End PBXContainerItemProxy section */

/* Begin PBXFileReference section */
		13474A9986CEC35C5CECD0FC /* Pods_MovieApp_MovieAppUITests.framework */ = {isa = PBXFileReference; explicitFileType = wrapper.framework; includeInIndex = 0; path = Pods_MovieApp_MovieAppUITests.framework; sourceTree = BUILT_PRODUCTS_DIR; };
		27CBBF56E3993890379F8DD6 /* Pods-MovieAppTests.release.xcconfig */ = {isa = PBXFileReference; includeInIndex = 1; lastKnownFileType = text.xcconfig; name = "Pods-MovieAppTests.release.xcconfig"; path = "Target Support Files/Pods-MovieAppTests/Pods-MovieAppTests.release.xcconfig"; sourceTree = "<group>"; };
		28F818245FC3C7494A03E75B /* Pods-MovieApp-MovieAppUITests.debug.xcconfig */ = {isa = PBXFileReference; includeInIndex = 1; lastKnownFileType = text.xcconfig; name = "Pods-MovieApp-MovieAppUITests.debug.xcconfig"; path = "Target Support Files/Pods-MovieApp-MovieAppUITests/Pods-MovieApp-MovieAppUITests.debug.xcconfig"; sourceTree = "<group>"; };
		2DFCF760C5BCC8B0B7806CC2 /* Pods-MovieAppTests.debug.xcconfig */ = {isa = PBXFileReference; includeInIndex = 1; lastKnownFileType = text.xcconfig; name = "Pods-MovieAppTests.debug.xcconfig"; path = "Target Support Files/Pods-MovieAppTests/Pods-MovieAppTests.debug.xcconfig"; sourceTree = "<group>"; };
		2E34D37BA1376C1C9FE13345 /* Pods_MovieAppTests.framework */ = {isa = PBXFileReference; explicitFileType = wrapper.framework; includeInIndex = 0; path = Pods_MovieAppTests.framework; sourceTree = BUILT_PRODUCTS_DIR; };
		4DD3D6CCE054412615F571BA /* Pods-MovieApp-MovieAppUITests.release.xcconfig */ = {isa = PBXFileReference; includeInIndex = 1; lastKnownFileType = text.xcconfig; name = "Pods-MovieApp-MovieAppUITests.release.xcconfig"; path = "Target Support Files/Pods-MovieApp-MovieAppUITests/Pods-MovieApp-MovieAppUITests.release.xcconfig"; sourceTree = "<group>"; };
		9979CEDC2914F7486CACC315 /* Pods_MovieApp.framework */ = {isa = PBXFileReference; explicitFileType = wrapper.framework; includeInIndex = 0; path = Pods_MovieApp.framework; sourceTree = BUILT_PRODUCTS_DIR; };
		A10FF24D26348F6A0082FAA9 /* SimilarMovieCollectionView.swift */ = {isa = PBXFileReference; lastKnownFileType = sourcecode.swift; path = SimilarMovieCollectionView.swift; sourceTree = "<group>"; };
		A10FF24E26348F6A0082FAA9 /* SimilarMovieCollectionView.xib */ = {isa = PBXFileReference; lastKnownFileType = file.xib; path = SimilarMovieCollectionView.xib; sourceTree = "<group>"; };
		A10FF25426348FCE0082FAA9 /* SimilarCollectionViewDataSource.swift */ = {isa = PBXFileReference; lastKnownFileType = sourcecode.swift; path = SimilarCollectionViewDataSource.swift; sourceTree = "<group>"; };
		A16262E32631ED22001AC0AB /* SynoypsisRepository.swift */ = {isa = PBXFileReference; lastKnownFileType = sourcecode.swift; path = SynoypsisRepository.swift; sourceTree = "<group>"; };
		A16262E82631ED35001AC0AB /* UserReviewsRepository.swift */ = {isa = PBXFileReference; lastKnownFileType = sourcecode.swift; path = UserReviewsRepository.swift; sourceTree = "<group>"; };
		A16262ED2631ED51001AC0AB /* MovieCastRepository.swift */ = {isa = PBXFileReference; lastKnownFileType = sourcecode.swift; path = MovieCastRepository.swift; sourceTree = "<group>"; };
		A16262F22631ED64001AC0AB /* SimilarMovieRepository.swift */ = {isa = PBXFileReference; lastKnownFileType = sourcecode.swift; path = SimilarMovieRepository.swift; sourceTree = "<group>"; };
		A16262F82631EEA6001AC0AB /* SynoypsisResponse.swift */ = {isa = PBXFileReference; lastKnownFileType = sourcecode.swift; path = SynoypsisResponse.swift; sourceTree = "<group>"; };
		A16263002631F06A001AC0AB /* UserReviewsResponse.swift */ = {isa = PBXFileReference; lastKnownFileType = sourcecode.swift; path = UserReviewsResponse.swift; sourceTree = "<group>"; };
		A162630D2631F1EE001AC0AB /* MovieCastResponse.swift */ = {isa = PBXFileReference; lastKnownFileType = sourcecode.swift; path = MovieCastResponse.swift; sourceTree = "<group>"; };
		A16263122631F374001AC0AB /* SimilarMovieResponse.swift */ = {isa = PBXFileReference; lastKnownFileType = sourcecode.swift; path = SimilarMovieResponse.swift; sourceTree = "<group>"; };
		A17092902634008F00E5A76B /* SimilarMovieCollectionReusableView.swift */ = {isa = PBXFileReference; lastKnownFileType = sourcecode.swift; path = SimilarMovieCollectionReusableView.swift; sourceTree = "<group>"; };
		A17092912634008F00E5A76B /* SimilarMovieCollectionReusableView.xib */ = {isa = PBXFileReference; lastKnownFileType = file.xib; path = SimilarMovieCollectionReusableView.xib; sourceTree = "<group>"; };
		A17092972634012600E5A76B /* UICollectionReusableView + Extension.swift */ = {isa = PBXFileReference; lastKnownFileType = sourcecode.swift; path = "UICollectionReusableView + Extension.swift"; sourceTree = "<group>"; };
		A170929E263402D000E5A76B /* CustomerReviewCollectionReusableView.swift */ = {isa = PBXFileReference; lastKnownFileType = sourcecode.swift; path = CustomerReviewCollectionReusableView.swift; sourceTree = "<group>"; };
		A170929F263402D000E5A76B /* CustomerReviewCollectionReusableView.xib */ = {isa = PBXFileReference; lastKnownFileType = file.xib; path = CustomerReviewCollectionReusableView.xib; sourceTree = "<group>"; };
		A17092A92634030200E5A76B /* MovieCastCollectionReusableView.swift */ = {isa = PBXFileReference; lastKnownFileType = sourcecode.swift; path = MovieCastCollectionReusableView.swift; sourceTree = "<group>"; };
		A17092AA2634030200E5A76B /* MovieCastCollectionReusableView.xib */ = {isa = PBXFileReference; lastKnownFileType = file.xib; path = MovieCastCollectionReusableView.xib; sourceTree = "<group>"; };
		A17245BB26332F3E00649F0E /* MovieDetail.storyboard */ = {isa = PBXFileReference; lastKnownFileType = file.storyboard; path = MovieDetail.storyboard; sourceTree = "<group>"; };
		A17245C026332F7D00649F0E /* MovieDetailViewController.swift */ = {isa = PBXFileReference; lastKnownFileType = sourcecode.swift; path = MovieDetailViewController.swift; sourceTree = "<group>"; };
		A17245C526332FF400649F0E /* MovieDetailDataSource.swift */ = {isa = PBXFileReference; lastKnownFileType = sourcecode.swift; path = MovieDetailDataSource.swift; sourceTree = "<group>"; };
		A17245CF2633366000649F0E /* SynoypsisCollectionViewCell.swift */ = {isa = PBXFileReference; lastKnownFileType = sourcecode.swift; path = SynoypsisCollectionViewCell.swift; sourceTree = "<group>"; };
		A17245D02633366000649F0E /* SynoypsisCollectionViewCell.xib */ = {isa = PBXFileReference; lastKnownFileType = file.xib; path = SynoypsisCollectionViewCell.xib; sourceTree = "<group>"; };
		A1A090FB262F313E003CCF7E /* MovieApp.app */ = {isa = PBXFileReference; explicitFileType = wrapper.application; includeInIndex = 0; path = MovieApp.app; sourceTree = BUILT_PRODUCTS_DIR; };
		A1A090FE262F313E003CCF7E /* AppDelegate.swift */ = {isa = PBXFileReference; lastKnownFileType = sourcecode.swift; path = AppDelegate.swift; sourceTree = "<group>"; };
		A1A09100262F313E003CCF7E /* SceneDelegate.swift */ = {isa = PBXFileReference; lastKnownFileType = sourcecode.swift; path = SceneDelegate.swift; sourceTree = "<group>"; };
		A1A09105262F313E003CCF7E /* Base */ = {isa = PBXFileReference; lastKnownFileType = file.storyboard; name = Base; path = Base.lproj/Main.storyboard; sourceTree = "<group>"; };
		A1A09108262F313E003CCF7E /* MovieApp.xcdatamodel */ = {isa = PBXFileReference; lastKnownFileType = wrapper.xcdatamodel; path = MovieApp.xcdatamodel; sourceTree = "<group>"; };
		A1A0910A262F3142003CCF7E /* Assets.xcassets */ = {isa = PBXFileReference; lastKnownFileType = folder.assetcatalog; path = Assets.xcassets; sourceTree = "<group>"; };
		A1A0910D262F3142003CCF7E /* Base */ = {isa = PBXFileReference; lastKnownFileType = file.storyboard; name = Base; path = Base.lproj/LaunchScreen.storyboard; sourceTree = "<group>"; };
		A1A0910F262F3142003CCF7E /* Info.plist */ = {isa = PBXFileReference; lastKnownFileType = text.plist.xml; path = Info.plist; sourceTree = "<group>"; };
		A1A09114262F3142003CCF7E /* MovieAppTests.xctest */ = {isa = PBXFileReference; explicitFileType = wrapper.cfbundle; includeInIndex = 0; path = MovieAppTests.xctest; sourceTree = BUILT_PRODUCTS_DIR; };
		A1A0911A262F3142003CCF7E /* Info.plist */ = {isa = PBXFileReference; lastKnownFileType = text.plist.xml; path = Info.plist; sourceTree = "<group>"; };
		A1A0911F262F3142003CCF7E /* MovieAppUITests.xctest */ = {isa = PBXFileReference; explicitFileType = wrapper.cfbundle; includeInIndex = 0; path = MovieAppUITests.xctest; sourceTree = BUILT_PRODUCTS_DIR; };
		A1A09123262F3142003CCF7E /* MovieAppUITests.swift */ = {isa = PBXFileReference; lastKnownFileType = sourcecode.swift; path = MovieAppUITests.swift; sourceTree = "<group>"; };
		A1A09125262F3142003CCF7E /* Info.plist */ = {isa = PBXFileReference; lastKnownFileType = text.plist.xml; path = Info.plist; sourceTree = "<group>"; };
		A1A09135262F31F8003CCF7E /* MovieApp-Dev.xcconfig */ = {isa = PBXFileReference; lastKnownFileType = text.xcconfig; path = "MovieApp-Dev.xcconfig"; sourceTree = "<group>"; };
		A1A0913A262F343C003CCF7E /* Environment.swift */ = {isa = PBXFileReference; lastKnownFileType = sourcecode.swift; path = Environment.swift; sourceTree = "<group>"; };
		A1A09146262F3A41003CCF7E /* HTTPTask.swift */ = {isa = PBXFileReference; lastKnownFileType = sourcecode.swift; path = HTTPTask.swift; sourceTree = "<group>"; };
		A1A0914E262F3A72003CCF7E /* MovieApiRoute.swift */ = {isa = PBXFileReference; lastKnownFileType = sourcecode.swift; path = MovieApiRoute.swift; sourceTree = "<group>"; };
		A1C8313C2634335C00B650CB /* SimilarMovieCollectionViewCell.swift */ = {isa = PBXFileReference; lastKnownFileType = sourcecode.swift; path = SimilarMovieCollectionViewCell.swift; sourceTree = "<group>"; };
		A1C8313D2634335C00B650CB /* SimilarMovieCollectionViewCell.xib */ = {isa = PBXFileReference; lastKnownFileType = file.xib; path = SimilarMovieCollectionViewCell.xib; sourceTree = "<group>"; };
		A1C8314526343ED000B650CB /* MovieCastCollectionViewCell.swift */ = {isa = PBXFileReference; lastKnownFileType = sourcecode.swift; path = MovieCastCollectionViewCell.swift; sourceTree = "<group>"; };
		A1C8314626343ED000B650CB /* MovieCastCollectionViewCell.xib */ = {isa = PBXFileReference; lastKnownFileType = file.xib; path = MovieCastCollectionViewCell.xib; sourceTree = "<group>"; };
		A1C8314D2634458F00B650CB /* CustomerReviewViewController.swift */ = {isa = PBXFileReference; lastKnownFileType = sourcecode.swift; path = CustomerReviewViewController.swift; sourceTree = "<group>"; };
		A1C83155263445E000B650CB /* CustomerReviewDataSource.swift */ = {isa = PBXFileReference; lastKnownFileType = sourcecode.swift; path = CustomerReviewDataSource.swift; sourceTree = "<group>"; };
		A1C8315B263448C300B650CB /* CustomerReviewTableViewCell.swift */ = {isa = PBXFileReference; lastKnownFileType = sourcecode.swift; path = CustomerReviewTableViewCell.swift; sourceTree = "<group>"; };
		A1C8315C263448C300B650CB /* CustomerReviewTableViewCell.xib */ = {isa = PBXFileReference; lastKnownFileType = file.xib; path = CustomerReviewTableViewCell.xib; sourceTree = "<group>"; };
		A1C8316526344C3200B650CB /* UITableViewCell + Extensions.swift */ = {isa = PBXFileReference; lastKnownFileType = sourcecode.swift; path = "UITableViewCell + Extensions.swift"; sourceTree = "<group>"; };
		A1C8316A2634569E00B650CB /* String + Extension.swift */ = {isa = PBXFileReference; lastKnownFileType = sourcecode.swift; path = "String + Extension.swift"; sourceTree = "<group>"; };
		A1DBCAB6263138B400589379 /* MovieListRepository.swift */ = {isa = PBXFileReference; lastKnownFileType = sourcecode.swift; path = MovieListRepository.swift; sourceTree = "<group>"; };
		A1DBCAC126313C9D00589379 /* MovieList.storyboard */ = {isa = PBXFileReference; lastKnownFileType = file.storyboard; path = MovieList.storyboard; sourceTree = "<group>"; };
		A1DBCAC626313CD700589379 /* MovieListViewController.swift */ = {isa = PBXFileReference; lastKnownFileType = sourcecode.swift; path = MovieListViewController.swift; sourceTree = "<group>"; };
		A1DBCACB263192B600589379 /* MovieListCollectionDataSource.swift */ = {isa = PBXFileReference; lastKnownFileType = sourcecode.swift; path = MovieListCollectionDataSource.swift; sourceTree = "<group>"; };
		A1DBCAD42631967D00589379 /* MovieListCollectionViewCell.swift */ = {isa = PBXFileReference; lastKnownFileType = sourcecode.swift; path = MovieListCollectionViewCell.swift; sourceTree = "<group>"; };
		A1DBCAD52631967D00589379 /* MovieListCollectionViewCell.xib */ = {isa = PBXFileReference; lastKnownFileType = file.xib; path = MovieListCollectionViewCell.xib; sourceTree = "<group>"; };
		A1DBCADF2631980900589379 /* Constants.swift */ = {isa = PBXFileReference; lastKnownFileType = sourcecode.swift; path = Constants.swift; sourceTree = "<group>"; };
		A1DBCAEA26319B0F00589379 /* MovieListResponse.swift */ = {isa = PBXFileReference; lastKnownFileType = sourcecode.swift; path = MovieListResponse.swift; sourceTree = "<group>"; };
		A1DBCAF026319CC200589379 /* UICollectionViewCell + Extensions.swift */ = {isa = PBXFileReference; lastKnownFileType = sourcecode.swift; path = "UICollectionViewCell + Extensions.swift"; sourceTree = "<group>"; };
		A1DBCAF92631D47600589379 /* MovieListViewControllerTest.swift */ = {isa = PBXFileReference; lastKnownFileType = sourcecode.swift; path = MovieListViewControllerTest.swift; sourceTree = "<group>"; };
		A1DBCB0D2631D51B00589379 /* ProcessDummyJSON.swift */ = {isa = PBXFileReference; lastKnownFileType = sourcecode.swift; path = ProcessDummyJSON.swift; sourceTree = "<group>"; };
		A1DBCB1D2631D5F300589379 /* MockMovieListRepository.swift */ = {isa = PBXFileReference; lastKnownFileType = sourcecode.swift; path = MockMovieListRepository.swift; sourceTree = "<group>"; };
		A1DBCB2E2631E15100589379 /* GetNowPlayingResponse.json */ = {isa = PBXFileReference; lastKnownFileType = text.json; path = GetNowPlayingResponse.json; sourceTree = "<group>"; };
		A1DBCB3D2631E89500589379 /* UIImageView + Extension.swift */ = {isa = PBXFileReference; lastKnownFileType = sourcecode.swift; path = "UIImageView + Extension.swift"; sourceTree = "<group>"; };
		D8F90FDF3B97A4364B2C804E /* Pods-MovieApp.release.xcconfig */ = {isa = PBXFileReference; includeInIndex = 1; lastKnownFileType = text.xcconfig; name = "Pods-MovieApp.release.xcconfig"; path = "Target Support Files/Pods-MovieApp/Pods-MovieApp.release.xcconfig"; sourceTree = "<group>"; };
		F28F05AE793E7A65772278D0 /* Pods-MovieApp.debug.xcconfig */ = {isa = PBXFileReference; includeInIndex = 1; lastKnownFileType = text.xcconfig; name = "Pods-MovieApp.debug.xcconfig"; path = "Target Support Files/Pods-MovieApp/Pods-MovieApp.debug.xcconfig"; sourceTree = "<group>"; };
/* End PBXFileReference section */

/* Begin PBXFrameworksBuildPhase section */
		A1A090F8262F313E003CCF7E /* Frameworks */ = {
			isa = PBXFrameworksBuildPhase;
			buildActionMask = 2147483647;
			files = (
				812E30A32B638DB6EA8CAD49 /* Pods_MovieApp.framework in Frameworks */,
			);
			runOnlyForDeploymentPostprocessing = 0;
		};
		A1A09111262F3142003CCF7E /* Frameworks */ = {
			isa = PBXFrameworksBuildPhase;
			buildActionMask = 2147483647;
			files = (
				ABCD9B54B80376CE7861F46E /* Pods_MovieAppTests.framework in Frameworks */,
			);
			runOnlyForDeploymentPostprocessing = 0;
		};
		A1A0911C262F3142003CCF7E /* Frameworks */ = {
			isa = PBXFrameworksBuildPhase;
			buildActionMask = 2147483647;
			files = (
				74C9CDCA375DDC578EA9EBAF /* Pods_MovieApp_MovieAppUITests.framework in Frameworks */,
			);
			runOnlyForDeploymentPostprocessing = 0;
		};
/* End PBXFrameworksBuildPhase section */

/* Begin PBXGroup section */
		2C495A2DE5ADC01984F60314 /* Frameworks */ = {
			isa = PBXGroup;
			children = (
				9979CEDC2914F7486CACC315 /* Pods_MovieApp.framework */,
				13474A9986CEC35C5CECD0FC /* Pods_MovieApp_MovieAppUITests.framework */,
				2E34D37BA1376C1C9FE13345 /* Pods_MovieAppTests.framework */,
			);
			name = Frameworks;
			sourceTree = "<group>";
		};
		A16262F72631EE95001AC0AB /* Model */ = {
			isa = PBXGroup;
			children = (
				A16262F82631EEA6001AC0AB /* SynoypsisResponse.swift */,
				A16263002631F06A001AC0AB /* UserReviewsResponse.swift */,
				A162630D2631F1EE001AC0AB /* MovieCastResponse.swift */,
				A16263122631F374001AC0AB /* SimilarMovieResponse.swift */,
			);
			path = Model;
			sourceTree = "<group>";
		};
		A170928F2634006F00E5A76B /* SectionHeader */ = {
			isa = PBXGroup;
			children = (
				A17092A8263402D600E5A76B /* MovieCast */,
				A170929D263402B500E5A76B /* CustomerReview */,
				A170929C263402A700E5A76B /* SimilarMovieHeader */,
			);
			path = SectionHeader;
			sourceTree = "<group>";
		};
		A170929C263402A700E5A76B /* SimilarMovieHeader */ = {
			isa = PBXGroup;
			children = (
				A17092902634008F00E5A76B /* SimilarMovieCollectionReusableView.swift */,
				A17092912634008F00E5A76B /* SimilarMovieCollectionReusableView.xib */,
			);
			path = SimilarMovieHeader;
			sourceTree = "<group>";
		};
		A170929D263402B500E5A76B /* CustomerReview */ = {
			isa = PBXGroup;
			children = (
				A170929E263402D000E5A76B /* CustomerReviewCollectionReusableView.swift */,
				A170929F263402D000E5A76B /* CustomerReviewCollectionReusableView.xib */,
			);
			path = CustomerReview;
			sourceTree = "<group>";
		};
		A17092A8263402D600E5A76B /* MovieCast */ = {
			isa = PBXGroup;
			children = (
				A17092A92634030200E5A76B /* MovieCastCollectionReusableView.swift */,
				A17092AA2634030200E5A76B /* MovieCastCollectionReusableView.xib */,
			);
			path = MovieCast;
			sourceTree = "<group>";
		};
		A17245B926332F1D00649F0E /* View */ = {
			isa = PBXGroup;
			children = (
				A17245BB26332F3E00649F0E /* MovieDetail.storyboard */,
			);
			path = View;
			sourceTree = "<group>";
		};
		A17245BA26332F2200649F0E /* Controller */ = {
			isa = PBXGroup;
			children = (
				A1C8314C2634457700B650CB /* CustomerReview */,
				A170928F2634006F00E5A76B /* SectionHeader */,
				A17245CA2633300200649F0E /* Cell */,
				A17245C026332F7D00649F0E /* MovieDetailViewController.swift */,
				A17245C526332FF400649F0E /* MovieDetailDataSource.swift */,
			);
			path = Controller;
			sourceTree = "<group>";
		};
		A17245CA2633300200649F0E /* Cell */ = {
			isa = PBXGroup;
			children = (
				A1C8314426343EB500B650CB /* MovieCast */,
				A1C8313B263432EC00B650CB /* SimilarMovie */,
				A17245CE2633363E00649F0E /* MovieSynoypsisCell */,
			);
			path = Cell;
			sourceTree = "<group>";
		};
		A17245CE2633363E00649F0E /* MovieSynoypsisCell */ = {
			isa = PBXGroup;
			children = (
				A17245CF2633366000649F0E /* SynoypsisCollectionViewCell.swift */,
				A17245D02633366000649F0E /* SynoypsisCollectionViewCell.xib */,
			);
			path = MovieSynoypsisCell;
			sourceTree = "<group>";
		};
		A1A090F2262F313E003CCF7E = {
			isa = PBXGroup;
			children = (
				A1A090FD262F313E003CCF7E /* MovieApp */,
				A1A09117262F3142003CCF7E /* MovieAppTests */,
				A1A09122262F3142003CCF7E /* MovieAppUITests */,
				A1A090FC262F313E003CCF7E /* Products */,
				F1528E5990F67A77016B4062 /* Pods */,
				2C495A2DE5ADC01984F60314 /* Frameworks */,
			);
			sourceTree = "<group>";
		};
		A1A090FC262F313E003CCF7E /* Products */ = {
			isa = PBXGroup;
			children = (
				A1A090FB262F313E003CCF7E /* MovieApp.app */,
				A1A09114262F3142003CCF7E /* MovieAppTests.xctest */,
				A1A0911F262F3142003CCF7E /* MovieAppUITests.xctest */,
			);
			name = Products;
			sourceTree = "<group>";
		};
		A1A090FD262F313E003CCF7E /* MovieApp */ = {
			isa = PBXGroup;
			children = (
				A1DBCADE263197F900589379 /* Helper */,
				A1A09156262F3CD8003CCF7E /* SupportingFiles */,
				A1A09145262F3A2F003CCF7E /* Networking */,
				A1A09134262F317F003CCF7E /* Configuration */,
				A1DBCAB22631356400589379 /* Home */,
				A1DBCAB32631357700589379 /* Details */,
				A1A09104262F313E003CCF7E /* Main.storyboard */,
				A1A0910F262F3142003CCF7E /* Info.plist */,
				A1A0910A262F3142003CCF7E /* Assets.xcassets */,
				A1A09107262F313E003CCF7E /* MovieApp.xcdatamodeld */,
			);
			path = MovieApp;
			sourceTree = "<group>";
		};
		A1A09117262F3142003CCF7E /* MovieAppTests */ = {
			isa = PBXGroup;
			children = (
				A1DBCAF82631D44600589379 /* Home */,
				A1A0911A262F3142003CCF7E /* Info.plist */,
				A1DBCB0D2631D51B00589379 /* ProcessDummyJSON.swift */,
			);
			path = MovieAppTests;
			sourceTree = "<group>";
		};
		A1A09122262F3142003CCF7E /* MovieAppUITests */ = {
			isa = PBXGroup;
			children = (
				A1A09123262F3142003CCF7E /* MovieAppUITests.swift */,
				A1A09125262F3142003CCF7E /* Info.plist */,
			);
			path = MovieAppUITests;
			sourceTree = "<group>";
		};
		A1A09134262F317F003CCF7E /* Configuration */ = {
			isa = PBXGroup;
			children = (
				A1A09135262F31F8003CCF7E /* MovieApp-Dev.xcconfig */,
				A1A0913A262F343C003CCF7E /* Environment.swift */,
			);
			path = Configuration;
			sourceTree = "<group>";
		};
		A1A09145262F3A2F003CCF7E /* Networking */ = {
			isa = PBXGroup;
			children = (
				A1A09146262F3A41003CCF7E /* HTTPTask.swift */,
				A1A0914E262F3A72003CCF7E /* MovieApiRoute.swift */,
			);
			path = Networking;
			sourceTree = "<group>";
		};
		A1A09156262F3CD8003CCF7E /* SupportingFiles */ = {
			isa = PBXGroup;
			children = (
				A1A0910C262F3142003CCF7E /* LaunchScreen.storyboard */,
				A1A090FE262F313E003CCF7E /* AppDelegate.swift */,
				A1A09100262F313E003CCF7E /* SceneDelegate.swift */,
			);
			path = SupportingFiles;
			sourceTree = "<group>";
		};
		A1C8313B263432EC00B650CB /* SimilarMovie */ = {
			isa = PBXGroup;
			children = (
				A1C8313C2634335C00B650CB /* SimilarMovieCollectionViewCell.swift */,
				A1C8313D2634335C00B650CB /* SimilarMovieCollectionViewCell.xib */,
				A10FF24D26348F6A0082FAA9 /* SimilarMovieCollectionView.swift */,
				A10FF24E26348F6A0082FAA9 /* SimilarMovieCollectionView.xib */,
				A10FF25426348FCE0082FAA9 /* SimilarCollectionViewDataSource.swift */,
			);
			path = SimilarMovie;
			sourceTree = "<group>";
		};
		A1C8314426343EB500B650CB /* MovieCast */ = {
			isa = PBXGroup;
			children = (
				A1C8314526343ED000B650CB /* MovieCastCollectionViewCell.swift */,
				A1C8314626343ED000B650CB /* MovieCastCollectionViewCell.xib */,
			);
			path = MovieCast;
			sourceTree = "<group>";
		};
		A1C8314C2634457700B650CB /* CustomerReview */ = {
			isa = PBXGroup;
			children = (
				A1C8315A263448A900B650CB /* Cell */,
				A1C8314D2634458F00B650CB /* CustomerReviewViewController.swift */,
				A1C83155263445E000B650CB /* CustomerReviewDataSource.swift */,
			);
			path = CustomerReview;
			sourceTree = "<group>";
		};
		A1C8315A263448A900B650CB /* Cell */ = {
			isa = PBXGroup;
			children = (
				A1C8315B263448C300B650CB /* CustomerReviewTableViewCell.swift */,
				A1C8315C263448C300B650CB /* CustomerReviewTableViewCell.xib */,
			);
			path = Cell;
			sourceTree = "<group>";
		};
		A1DBCAB22631356400589379 /* Home */ = {
			isa = PBXGroup;
			children = (
				A1DBCAC026313C2800589379 /* Controller */,
				A1DBCABF26313C2300589379 /* View */,
				A1DBCABE26313C1B00589379 /* Model */,
				A1DBCAB4263135A800589379 /* Repository */,
			);
			path = Home;
			sourceTree = "<group>";
		};
		A1DBCAB32631357700589379 /* Details */ = {
			isa = PBXGroup;
			children = (
				A17245BA26332F2200649F0E /* Controller */,
				A17245B926332F1D00649F0E /* View */,
				A16262F72631EE95001AC0AB /* Model */,
				A1DBCAB5263135B900589379 /* Repository */,
			);
			path = Details;
			sourceTree = "<group>";
		};
		A1DBCAB4263135A800589379 /* Repository */ = {
			isa = PBXGroup;
			children = (
				A1DBCAB6263138B400589379 /* MovieListRepository.swift */,
			);
			path = Repository;
			sourceTree = "<group>";
		};
		A1DBCAB5263135B900589379 /* Repository */ = {
			isa = PBXGroup;
			children = (
				A16262E32631ED22001AC0AB /* SynoypsisRepository.swift */,
				A16262E82631ED35001AC0AB /* UserReviewsRepository.swift */,
				A16262ED2631ED51001AC0AB /* MovieCastRepository.swift */,
				A16262F22631ED64001AC0AB /* SimilarMovieRepository.swift */,
			);
			path = Repository;
			sourceTree = "<group>";
		};
		A1DBCABE26313C1B00589379 /* Model */ = {
			isa = PBXGroup;
			children = (
				A1DBCAEA26319B0F00589379 /* MovieListResponse.swift */,
			);
			path = Model;
			sourceTree = "<group>";
		};
		A1DBCABF26313C2300589379 /* View */ = {
			isa = PBXGroup;
			children = (
				A1DBCAD32631964600589379 /* Cell */,
				A1DBCAC126313C9D00589379 /* MovieList.storyboard */,
			);
			path = View;
			sourceTree = "<group>";
		};
		A1DBCAC026313C2800589379 /* Controller */ = {
			isa = PBXGroup;
			children = (
				A1DBCAC626313CD700589379 /* MovieListViewController.swift */,
				A1DBCACB263192B600589379 /* MovieListCollectionDataSource.swift */,
			);
			path = Controller;
			sourceTree = "<group>";
		};
		A1DBCAD32631964600589379 /* Cell */ = {
			isa = PBXGroup;
			children = (
				A1DBCAD42631967D00589379 /* MovieListCollectionViewCell.swift */,
				A1DBCAD52631967D00589379 /* MovieListCollectionViewCell.xib */,
			);
			path = Cell;
			sourceTree = "<group>";
		};
		A1DBCADE263197F900589379 /* Helper */ = {
			isa = PBXGroup;
			children = (
				A1DBCAEF26319C9900589379 /* Extensions */,
				A1DBCADF2631980900589379 /* Constants.swift */,
			);
			path = Helper;
			sourceTree = "<group>";
		};
		A1DBCAEF26319C9900589379 /* Extensions */ = {
			isa = PBXGroup;
			children = (
				A1DBCAF026319CC200589379 /* UICollectionViewCell + Extensions.swift */,
				A1DBCB3D2631E89500589379 /* UIImageView + Extension.swift */,
				A17092972634012600E5A76B /* UICollectionReusableView + Extension.swift */,
				A1C8316526344C3200B650CB /* UITableViewCell + Extensions.swift */,
				A1C8316A2634569E00B650CB /* String + Extension.swift */,
			);
			path = Extensions;
			sourceTree = "<group>";
		};
		A1DBCAF82631D44600589379 /* Home */ = {
			isa = PBXGroup;
			children = (
				A1DBCB1C2631D58C00589379 /* MockRepository */,
				A1DBCAF92631D47600589379 /* MovieListViewControllerTest.swift */,
			);
			path = Home;
			sourceTree = "<group>";
		};
		A1DBCB042631D48B00589379 /* JSON */ = {
			isa = PBXGroup;
			children = (
				A1DBCB2E2631E15100589379 /* GetNowPlayingResponse.json */,
			);
			path = JSON;
			sourceTree = "<group>";
		};
		A1DBCB1C2631D58C00589379 /* MockRepository */ = {
			isa = PBXGroup;
			children = (
				A1DBCB042631D48B00589379 /* JSON */,
				A1DBCB1D2631D5F300589379 /* MockMovieListRepository.swift */,
			);
			path = MockRepository;
			sourceTree = "<group>";
		};
		F1528E5990F67A77016B4062 /* Pods */ = {
			isa = PBXGroup;
			children = (
				F28F05AE793E7A65772278D0 /* Pods-MovieApp.debug.xcconfig */,
				D8F90FDF3B97A4364B2C804E /* Pods-MovieApp.release.xcconfig */,
				28F818245FC3C7494A03E75B /* Pods-MovieApp-MovieAppUITests.debug.xcconfig */,
				4DD3D6CCE054412615F571BA /* Pods-MovieApp-MovieAppUITests.release.xcconfig */,
				2DFCF760C5BCC8B0B7806CC2 /* Pods-MovieAppTests.debug.xcconfig */,
				27CBBF56E3993890379F8DD6 /* Pods-MovieAppTests.release.xcconfig */,
			);
			path = Pods;
			sourceTree = "<group>";
		};
/* End PBXGroup section */

/* Begin PBXNativeTarget section */
		A1A090FA262F313E003CCF7E /* MovieApp */ = {
			isa = PBXNativeTarget;
			buildConfigurationList = A1A09128262F3142003CCF7E /* Build configuration list for PBXNativeTarget "MovieApp" */;
			buildPhases = (
				A6D22DCDC58E3994CEB860E2 /* [CP] Check Pods Manifest.lock */,
				A1A090F7262F313E003CCF7E /* Sources */,
				A1A090F8262F313E003CCF7E /* Frameworks */,
				A1A090F9262F313E003CCF7E /* Resources */,
				D370811DA3141D8A28C065C1 /* [CP] Embed Pods Frameworks */,
			);
			buildRules = (
			);
			dependencies = (
			);
			name = MovieApp;
			productName = MovieApp;
			productReference = A1A090FB262F313E003CCF7E /* MovieApp.app */;
			productType = "com.apple.product-type.application";
		};
		A1A09113262F3142003CCF7E /* MovieAppTests */ = {
			isa = PBXNativeTarget;
			buildConfigurationList = A1A0912B262F3142003CCF7E /* Build configuration list for PBXNativeTarget "MovieAppTests" */;
			buildPhases = (
				B47BE30D7D03171D9CA6ECE4 /* [CP] Check Pods Manifest.lock */,
				A1A09110262F3142003CCF7E /* Sources */,
				A1A09111262F3142003CCF7E /* Frameworks */,
				A1A09112262F3142003CCF7E /* Resources */,
			);
			buildRules = (
			);
			dependencies = (
				A1A09116262F3142003CCF7E /* PBXTargetDependency */,
			);
			name = MovieAppTests;
			productName = MovieAppTests;
			productReference = A1A09114262F3142003CCF7E /* MovieAppTests.xctest */;
			productType = "com.apple.product-type.bundle.unit-test";
		};
		A1A0911E262F3142003CCF7E /* MovieAppUITests */ = {
			isa = PBXNativeTarget;
			buildConfigurationList = A1A0912E262F3142003CCF7E /* Build configuration list for PBXNativeTarget "MovieAppUITests" */;
			buildPhases = (
				7CE5133F6DC26FA627BB5DB2 /* [CP] Check Pods Manifest.lock */,
				A1A0911B262F3142003CCF7E /* Sources */,
				A1A0911C262F3142003CCF7E /* Frameworks */,
				A1A0911D262F3142003CCF7E /* Resources */,
				DA5FF62495DFF63A9C58EB28 /* [CP] Embed Pods Frameworks */,
			);
			buildRules = (
			);
			dependencies = (
				A1A09121262F3142003CCF7E /* PBXTargetDependency */,
			);
			name = MovieAppUITests;
			productName = MovieAppUITests;
			productReference = A1A0911F262F3142003CCF7E /* MovieAppUITests.xctest */;
			productType = "com.apple.product-type.bundle.ui-testing";
		};
/* End PBXNativeTarget section */

/* Begin PBXProject section */
		A1A090F3262F313E003CCF7E /* Project object */ = {
			isa = PBXProject;
			attributes = {
				LastSwiftUpdateCheck = 1200;
				LastUpgradeCheck = 1200;
				TargetAttributes = {
					A1A090FA262F313E003CCF7E = {
						CreatedOnToolsVersion = 12.0.1;
					};
					A1A09113262F3142003CCF7E = {
						CreatedOnToolsVersion = 12.0.1;
						TestTargetID = A1A090FA262F313E003CCF7E;
					};
					A1A0911E262F3142003CCF7E = {
						CreatedOnToolsVersion = 12.0.1;
						TestTargetID = A1A090FA262F313E003CCF7E;
					};
				};
			};
			buildConfigurationList = A1A090F6262F313E003CCF7E /* Build configuration list for PBXProject "MovieApp" */;
			compatibilityVersion = "Xcode 9.3";
			developmentRegion = en;
			hasScannedForEncodings = 0;
			knownRegions = (
				en,
				Base,
			);
			mainGroup = A1A090F2262F313E003CCF7E;
			productRefGroup = A1A090FC262F313E003CCF7E /* Products */;
			projectDirPath = "";
			projectRoot = "";
			targets = (
				A1A090FA262F313E003CCF7E /* MovieApp */,
				A1A09113262F3142003CCF7E /* MovieAppTests */,
				A1A0911E262F3142003CCF7E /* MovieAppUITests */,
			);
		};
/* End PBXProject section */

/* Begin PBXResourcesBuildPhase section */
		A1A090F9262F313E003CCF7E /* Resources */ = {
			isa = PBXResourcesBuildPhase;
			buildActionMask = 2147483647;
			files = (
				A17245D22633366000649F0E /* SynoypsisCollectionViewCell.xib in Resources */,
				A1C8315E263448C300B650CB /* CustomerReviewTableViewCell.xib in Resources */,
				A1A0910E262F3142003CCF7E /* LaunchScreen.storyboard in Resources */,
				A10FF25026348F6A0082FAA9 /* SimilarMovieCollectionView.xib in Resources */,
				A17092AC2634030200E5A76B /* MovieCastCollectionReusableView.xib in Resources */,
				A1A09136262F31F8003CCF7E /* MovieApp-Dev.xcconfig in Resources */,
				A17092932634008F00E5A76B /* SimilarMovieCollectionReusableView.xib in Resources */,
				A1DBCAC226313C9D00589379 /* MovieList.storyboard in Resources */,
				A1DBCAD72631967D00589379 /* MovieListCollectionViewCell.xib in Resources */,
				A17245BC26332F3E00649F0E /* MovieDetail.storyboard in Resources */,
				A17092A1263402D000E5A76B /* CustomerReviewCollectionReusableView.xib in Resources */,
				A1A0910B262F3142003CCF7E /* Assets.xcassets in Resources */,
				A1A09106262F313E003CCF7E /* Main.storyboard in Resources */,
				A1C8313F2634335C00B650CB /* SimilarMovieCollectionViewCell.xib in Resources */,
				A1C8314826343ED000B650CB /* MovieCastCollectionViewCell.xib in Resources */,
			);
			runOnlyForDeploymentPostprocessing = 0;
		};
		A1A09112262F3142003CCF7E /* Resources */ = {
			isa = PBXResourcesBuildPhase;
			buildActionMask = 2147483647;
			files = (
				A1DBCB2F2631E15100589379 /* GetNowPlayingResponse.json in Resources */,
			);
			runOnlyForDeploymentPostprocessing = 0;
		};
		A1A0911D262F3142003CCF7E /* Resources */ = {
			isa = PBXResourcesBuildPhase;
			buildActionMask = 2147483647;
			files = (
			);
			runOnlyForDeploymentPostprocessing = 0;
		};
/* End PBXResourcesBuildPhase section */

/* Begin PBXShellScriptBuildPhase section */
		7CE5133F6DC26FA627BB5DB2 /* [CP] Check Pods Manifest.lock */ = {
			isa = PBXShellScriptBuildPhase;
			buildActionMask = 2147483647;
			files = (
			);
			inputFileListPaths = (
			);
			inputPaths = (
				"${PODS_PODFILE_DIR_PATH}/Podfile.lock",
				"${PODS_ROOT}/Manifest.lock",
			);
			name = "[CP] Check Pods Manifest.lock";
			outputFileListPaths = (
			);
			outputPaths = (
				"$(DERIVED_FILE_DIR)/Pods-MovieApp-MovieAppUITests-checkManifestLockResult.txt",
			);
			runOnlyForDeploymentPostprocessing = 0;
			shellPath = /bin/sh;
			shellScript = "diff \"${PODS_PODFILE_DIR_PATH}/Podfile.lock\" \"${PODS_ROOT}/Manifest.lock\" > /dev/null\nif [ $? != 0 ] ; then\n    # print error to STDERR\n    echo \"error: The sandbox is not in sync with the Podfile.lock. Run 'pod install' or update your CocoaPods installation.\" >&2\n    exit 1\nfi\n# This output is used by Xcode 'outputs' to avoid re-running this script phase.\necho \"SUCCESS\" > \"${SCRIPT_OUTPUT_FILE_0}\"\n";
			showEnvVarsInLog = 0;
		};
		A6D22DCDC58E3994CEB860E2 /* [CP] Check Pods Manifest.lock */ = {
			isa = PBXShellScriptBuildPhase;
			buildActionMask = 2147483647;
			files = (
			);
			inputFileListPaths = (
			);
			inputPaths = (
				"${PODS_PODFILE_DIR_PATH}/Podfile.lock",
				"${PODS_ROOT}/Manifest.lock",
			);
			name = "[CP] Check Pods Manifest.lock";
			outputFileListPaths = (
			);
			outputPaths = (
				"$(DERIVED_FILE_DIR)/Pods-MovieApp-checkManifestLockResult.txt",
			);
			runOnlyForDeploymentPostprocessing = 0;
			shellPath = /bin/sh;
			shellScript = "diff \"${PODS_PODFILE_DIR_PATH}/Podfile.lock\" \"${PODS_ROOT}/Manifest.lock\" > /dev/null\nif [ $? != 0 ] ; then\n    # print error to STDERR\n    echo \"error: The sandbox is not in sync with the Podfile.lock. Run 'pod install' or update your CocoaPods installation.\" >&2\n    exit 1\nfi\n# This output is used by Xcode 'outputs' to avoid re-running this script phase.\necho \"SUCCESS\" > \"${SCRIPT_OUTPUT_FILE_0}\"\n";
			showEnvVarsInLog = 0;
		};
		B47BE30D7D03171D9CA6ECE4 /* [CP] Check Pods Manifest.lock */ = {
			isa = PBXShellScriptBuildPhase;
			buildActionMask = 2147483647;
			files = (
			);
			inputFileListPaths = (
			);
			inputPaths = (
				"${PODS_PODFILE_DIR_PATH}/Podfile.lock",
				"${PODS_ROOT}/Manifest.lock",
			);
			name = "[CP] Check Pods Manifest.lock";
			outputFileListPaths = (
			);
			outputPaths = (
				"$(DERIVED_FILE_DIR)/Pods-MovieAppTests-checkManifestLockResult.txt",
			);
			runOnlyForDeploymentPostprocessing = 0;
			shellPath = /bin/sh;
			shellScript = "diff \"${PODS_PODFILE_DIR_PATH}/Podfile.lock\" \"${PODS_ROOT}/Manifest.lock\" > /dev/null\nif [ $? != 0 ] ; then\n    # print error to STDERR\n    echo \"error: The sandbox is not in sync with the Podfile.lock. Run 'pod install' or update your CocoaPods installation.\" >&2\n    exit 1\nfi\n# This output is used by Xcode 'outputs' to avoid re-running this script phase.\necho \"SUCCESS\" > \"${SCRIPT_OUTPUT_FILE_0}\"\n";
			showEnvVarsInLog = 0;
		};
		D370811DA3141D8A28C065C1 /* [CP] Embed Pods Frameworks */ = {
			isa = PBXShellScriptBuildPhase;
			buildActionMask = 2147483647;
			files = (
			);
			inputFileListPaths = (
				"${PODS_ROOT}/Target Support Files/Pods-MovieApp/Pods-MovieApp-frameworks-${CONFIGURATION}-input-files.xcfilelist",
			);
			name = "[CP] Embed Pods Frameworks";
			outputFileListPaths = (
				"${PODS_ROOT}/Target Support Files/Pods-MovieApp/Pods-MovieApp-frameworks-${CONFIGURATION}-output-files.xcfilelist",
			);
			runOnlyForDeploymentPostprocessing = 0;
			shellPath = /bin/sh;
			shellScript = "\"${PODS_ROOT}/Target Support Files/Pods-MovieApp/Pods-MovieApp-frameworks.sh\"\n";
			showEnvVarsInLog = 0;
		};
		DA5FF62495DFF63A9C58EB28 /* [CP] Embed Pods Frameworks */ = {
			isa = PBXShellScriptBuildPhase;
			buildActionMask = 2147483647;
			files = (
			);
			inputFileListPaths = (
				"${PODS_ROOT}/Target Support Files/Pods-MovieApp-MovieAppUITests/Pods-MovieApp-MovieAppUITests-frameworks-${CONFIGURATION}-input-files.xcfilelist",
			);
			name = "[CP] Embed Pods Frameworks";
			outputFileListPaths = (
				"${PODS_ROOT}/Target Support Files/Pods-MovieApp-MovieAppUITests/Pods-MovieApp-MovieAppUITests-frameworks-${CONFIGURATION}-output-files.xcfilelist",
			);
			runOnlyForDeploymentPostprocessing = 0;
			shellPath = /bin/sh;
			shellScript = "\"${PODS_ROOT}/Target Support Files/Pods-MovieApp-MovieAppUITests/Pods-MovieApp-MovieAppUITests-frameworks.sh\"\n";
			showEnvVarsInLog = 0;
		};
/* End PBXShellScriptBuildPhase section */

/* Begin PBXSourcesBuildPhase section */
		A1A090F7262F313E003CCF7E /* Sources */ = {
			isa = PBXSourcesBuildPhase;
			buildActionMask = 2147483647;
			files = (
				A1C8314E2634458F00B650CB /* CustomerReviewViewController.swift in Sources */,
				A162630E2631F1EE001AC0AB /* MovieCastResponse.swift in Sources */,
				A1DBCAB7263138B400589379 /* MovieListRepository.swift in Sources */,
				A1A09147262F3A41003CCF7E /* HTTPTask.swift in Sources */,
				A16262EE2631ED51001AC0AB /* MovieCastRepository.swift in Sources */,
				A17092982634012600E5A76B /* UICollectionReusableView + Extension.swift in Sources */,
				A10FF24F26348F6A0082FAA9 /* SimilarMovieCollectionView.swift in Sources */,
				A17245C626332FF400649F0E /* MovieDetailDataSource.swift in Sources */,
				A17245C126332F7D00649F0E /* MovieDetailViewController.swift in Sources */,
				A16263012631F06A001AC0AB /* UserReviewsResponse.swift in Sources */,
				A1DBCB3E2631E89500589379 /* UIImageView + Extension.swift in Sources */,
				A1DBCAF126319CC200589379 /* UICollectionViewCell + Extensions.swift in Sources */,
				A16262F92631EEA6001AC0AB /* SynoypsisResponse.swift in Sources */,
				A1C83156263445E000B650CB /* CustomerReviewDataSource.swift in Sources */,
				A1A0914F262F3A72003CCF7E /* MovieApiRoute.swift in Sources */,
				A1C8316B2634569E00B650CB /* String + Extension.swift in Sources */,
				A1A090FF262F313E003CCF7E /* AppDelegate.swift in Sources */,
				A17092AB2634030200E5A76B /* MovieCastCollectionReusableView.swift in Sources */,
				A1A09109262F313E003CCF7E /* MovieApp.xcdatamodeld in Sources */,
				A1C8313E2634335C00B650CB /* SimilarMovieCollectionViewCell.swift in Sources */,
				A16263132631F374001AC0AB /* SimilarMovieResponse.swift in Sources */,
				A1C8314726343ED000B650CB /* MovieCastCollectionViewCell.swift in Sources */,
				A1DBCAC726313CD700589379 /* MovieListViewController.swift in Sources */,
				A1DBCAEB26319B0F00589379 /* MovieListResponse.swift in Sources */,
				A17245D12633366000649F0E /* SynoypsisCollectionViewCell.swift in Sources */,
				A1C8316626344C3200B650CB /* UITableViewCell + Extensions.swift in Sources */,
				A1DBCACC263192B600589379 /* MovieListCollectionDataSource.swift in Sources */,
				A17092A0263402D000E5A76B /* CustomerReviewCollectionReusableView.swift in Sources */,
				A17092922634008F00E5A76B /* SimilarMovieCollectionReusableView.swift in Sources */,
				A16262E92631ED35001AC0AB /* UserReviewsRepository.swift in Sources */,
				A1C8315D263448C300B650CB /* CustomerReviewTableViewCell.swift in Sources */,
				A10FF25526348FCE0082FAA9 /* SimilarCollectionViewDataSource.swift in Sources */,
				A1DBCAD62631967D00589379 /* MovieListCollectionViewCell.swift in Sources */,
				A1A09101262F313E003CCF7E /* SceneDelegate.swift in Sources */,
				A16262F32631ED64001AC0AB /* SimilarMovieRepository.swift in Sources */,
				A1A0913B262F343C003CCF7E /* Environment.swift in Sources */,
				A1DBCAE02631980900589379 /* Constants.swift in Sources */,
				A16262E42631ED22001AC0AB /* SynoypsisRepository.swift in Sources */,
			);
			runOnlyForDeploymentPostprocessing = 0;
		};
		A1A09110262F3142003CCF7E /* Sources */ = {
			isa = PBXSourcesBuildPhase;
			buildActionMask = 2147483647;
			files = (
				A1DBCAFA2631D47600589379 /* MovieListViewControllerTest.swift in Sources */,
				A1DBCB0E2631D51B00589379 /* ProcessDummyJSON.swift in Sources */,
				A1DBCB1E2631D5F300589379 /* MockMovieListRepository.swift in Sources */,
			);
			runOnlyForDeploymentPostprocessing = 0;
		};
		A1A0911B262F3142003CCF7E /* Sources */ = {
			isa = PBXSourcesBuildPhase;
			buildActionMask = 2147483647;
			files = (
				A1A09124262F3142003CCF7E /* MovieAppUITests.swift in Sources */,
			);
			runOnlyForDeploymentPostprocessing = 0;
		};
/* End PBXSourcesBuildPhase section */

/* Begin PBXTargetDependency section */
		A1A09116262F3142003CCF7E /* PBXTargetDependency */ = {
			isa = PBXTargetDependency;
			target = A1A090FA262F313E003CCF7E /* MovieApp */;
			targetProxy = A1A09115262F3142003CCF7E /* PBXContainerItemProxy */;
		};
		A1A09121262F3142003CCF7E /* PBXTargetDependency */ = {
			isa = PBXTargetDependency;
			target = A1A090FA262F313E003CCF7E /* MovieApp */;
			targetProxy = A1A09120262F3142003CCF7E /* PBXContainerItemProxy */;
		};
/* End PBXTargetDependency section */

/* Begin PBXVariantGroup section */
		A1A09104262F313E003CCF7E /* Main.storyboard */ = {
			isa = PBXVariantGroup;
			children = (
				A1A09105262F313E003CCF7E /* Base */,
			);
			name = Main.storyboard;
			sourceTree = "<group>";
		};
		A1A0910C262F3142003CCF7E /* LaunchScreen.storyboard */ = {
			isa = PBXVariantGroup;
			children = (
				A1A0910D262F3142003CCF7E /* Base */,
			);
			name = LaunchScreen.storyboard;
			sourceTree = "<group>";
		};
/* End PBXVariantGroup section */

/* Begin XCBuildConfiguration section */
		A1A09126262F3142003CCF7E /* Debug */ = {
			isa = XCBuildConfiguration;
			baseConfigurationReference = A1A09135262F31F8003CCF7E /* MovieApp-Dev.xcconfig */;
			buildSettings = {
				ALWAYS_SEARCH_USER_PATHS = NO;
				CLANG_ANALYZER_NONNULL = YES;
				CLANG_ANALYZER_NUMBER_OBJECT_CONVERSION = YES_AGGRESSIVE;
				CLANG_CXX_LANGUAGE_STANDARD = "gnu++14";
				CLANG_CXX_LIBRARY = "libc++";
				CLANG_ENABLE_MODULES = YES;
				CLANG_ENABLE_OBJC_ARC = YES;
				CLANG_ENABLE_OBJC_WEAK = YES;
				CLANG_WARN_BLOCK_CAPTURE_AUTORELEASING = YES;
				CLANG_WARN_BOOL_CONVERSION = YES;
				CLANG_WARN_COMMA = YES;
				CLANG_WARN_CONSTANT_CONVERSION = YES;
				CLANG_WARN_DEPRECATED_OBJC_IMPLEMENTATIONS = YES;
				CLANG_WARN_DIRECT_OBJC_ISA_USAGE = YES_ERROR;
				CLANG_WARN_DOCUMENTATION_COMMENTS = YES;
				CLANG_WARN_EMPTY_BODY = YES;
				CLANG_WARN_ENUM_CONVERSION = YES;
				CLANG_WARN_INFINITE_RECURSION = YES;
				CLANG_WARN_INT_CONVERSION = YES;
				CLANG_WARN_NON_LITERAL_NULL_CONVERSION = YES;
				CLANG_WARN_OBJC_IMPLICIT_RETAIN_SELF = YES;
				CLANG_WARN_OBJC_LITERAL_CONVERSION = YES;
				CLANG_WARN_OBJC_ROOT_CLASS = YES_ERROR;
				CLANG_WARN_QUOTED_INCLUDE_IN_FRAMEWORK_HEADER = YES;
				CLANG_WARN_RANGE_LOOP_ANALYSIS = YES;
				CLANG_WARN_STRICT_PROTOTYPES = YES;
				CLANG_WARN_SUSPICIOUS_MOVE = YES;
				CLANG_WARN_UNGUARDED_AVAILABILITY = YES_AGGRESSIVE;
				CLANG_WARN_UNREACHABLE_CODE = YES;
				CLANG_WARN__DUPLICATE_METHOD_MATCH = YES;
				COPY_PHASE_STRIP = NO;
				DEBUG_INFORMATION_FORMAT = dwarf;
				ENABLE_STRICT_OBJC_MSGSEND = YES;
				ENABLE_TESTABILITY = YES;
				GCC_C_LANGUAGE_STANDARD = gnu11;
				GCC_DYNAMIC_NO_PIC = NO;
				GCC_NO_COMMON_BLOCKS = YES;
				GCC_OPTIMIZATION_LEVEL = 0;
				GCC_PREPROCESSOR_DEFINITIONS = (
					"DEBUG=1",
					"$(inherited)",
				);
				GCC_WARN_64_TO_32_BIT_CONVERSION = YES;
				GCC_WARN_ABOUT_RETURN_TYPE = YES_ERROR;
				GCC_WARN_UNDECLARED_SELECTOR = YES;
				GCC_WARN_UNINITIALIZED_AUTOS = YES_AGGRESSIVE;
				GCC_WARN_UNUSED_FUNCTION = YES;
				GCC_WARN_UNUSED_VARIABLE = YES;
				IPHONEOS_DEPLOYMENT_TARGET = 14.0;
				MTL_ENABLE_DEBUG_INFO = INCLUDE_SOURCE;
				MTL_FAST_MATH = YES;
				ONLY_ACTIVE_ARCH = YES;
				SDKROOT = iphoneos;
				SWIFT_ACTIVE_COMPILATION_CONDITIONS = DEBUG;
				SWIFT_OPTIMIZATION_LEVEL = "-Onone";
			};
			name = Debug;
		};
		A1A09127262F3142003CCF7E /* Release */ = {
			isa = XCBuildConfiguration;
			buildSettings = {
				ALWAYS_SEARCH_USER_PATHS = NO;
				CLANG_ANALYZER_NONNULL = YES;
				CLANG_ANALYZER_NUMBER_OBJECT_CONVERSION = YES_AGGRESSIVE;
				CLANG_CXX_LANGUAGE_STANDARD = "gnu++14";
				CLANG_CXX_LIBRARY = "libc++";
				CLANG_ENABLE_MODULES = YES;
				CLANG_ENABLE_OBJC_ARC = YES;
				CLANG_ENABLE_OBJC_WEAK = YES;
				CLANG_WARN_BLOCK_CAPTURE_AUTORELEASING = YES;
				CLANG_WARN_BOOL_CONVERSION = YES;
				CLANG_WARN_COMMA = YES;
				CLANG_WARN_CONSTANT_CONVERSION = YES;
				CLANG_WARN_DEPRECATED_OBJC_IMPLEMENTATIONS = YES;
				CLANG_WARN_DIRECT_OBJC_ISA_USAGE = YES_ERROR;
				CLANG_WARN_DOCUMENTATION_COMMENTS = YES;
				CLANG_WARN_EMPTY_BODY = YES;
				CLANG_WARN_ENUM_CONVERSION = YES;
				CLANG_WARN_INFINITE_RECURSION = YES;
				CLANG_WARN_INT_CONVERSION = YES;
				CLANG_WARN_NON_LITERAL_NULL_CONVERSION = YES;
				CLANG_WARN_OBJC_IMPLICIT_RETAIN_SELF = YES;
				CLANG_WARN_OBJC_LITERAL_CONVERSION = YES;
				CLANG_WARN_OBJC_ROOT_CLASS = YES_ERROR;
				CLANG_WARN_QUOTED_INCLUDE_IN_FRAMEWORK_HEADER = YES;
				CLANG_WARN_RANGE_LOOP_ANALYSIS = YES;
				CLANG_WARN_STRICT_PROTOTYPES = YES;
				CLANG_WARN_SUSPICIOUS_MOVE = YES;
				CLANG_WARN_UNGUARDED_AVAILABILITY = YES_AGGRESSIVE;
				CLANG_WARN_UNREACHABLE_CODE = YES;
				CLANG_WARN__DUPLICATE_METHOD_MATCH = YES;
				COPY_PHASE_STRIP = NO;
				DEBUG_INFORMATION_FORMAT = "dwarf-with-dsym";
				ENABLE_NS_ASSERTIONS = NO;
				ENABLE_STRICT_OBJC_MSGSEND = YES;
				GCC_C_LANGUAGE_STANDARD = gnu11;
				GCC_NO_COMMON_BLOCKS = YES;
				GCC_WARN_64_TO_32_BIT_CONVERSION = YES;
				GCC_WARN_ABOUT_RETURN_TYPE = YES_ERROR;
				GCC_WARN_UNDECLARED_SELECTOR = YES;
				GCC_WARN_UNINITIALIZED_AUTOS = YES_AGGRESSIVE;
				GCC_WARN_UNUSED_FUNCTION = YES;
				GCC_WARN_UNUSED_VARIABLE = YES;
				IPHONEOS_DEPLOYMENT_TARGET = 14.0;
				MTL_ENABLE_DEBUG_INFO = NO;
				MTL_FAST_MATH = YES;
				SDKROOT = iphoneos;
				SWIFT_COMPILATION_MODE = wholemodule;
				SWIFT_OPTIMIZATION_LEVEL = "-O";
				VALIDATE_PRODUCT = YES;
			};
			name = Release;
		};
		A1A09129262F3142003CCF7E /* Debug */ = {
			isa = XCBuildConfiguration;
			baseConfigurationReference = F28F05AE793E7A65772278D0 /* Pods-MovieApp.debug.xcconfig */;
			buildSettings = {
				ASSETCATALOG_COMPILER_APPICON_NAME = AppIcon;
				ASSETCATALOG_COMPILER_GLOBAL_ACCENT_COLOR_NAME = AccentColor;
				CODE_SIGN_STYLE = Automatic;
				INFOPLIST_FILE = MovieApp/Info.plist;
				LD_RUNPATH_SEARCH_PATHS = (
					"$(inherited)",
					"@executable_path/Frameworks",
				);
				PRODUCT_BUNDLE_IDENTIFIER = com.movieapp.sample.MovieApp;
				PRODUCT_NAME = "$(TARGET_NAME)";
				SWIFT_VERSION = 5.0;
				TARGETED_DEVICE_FAMILY = 1;
			};
			name = Debug;
		};
		A1A0912A262F3142003CCF7E /* Release */ = {
			isa = XCBuildConfiguration;
			baseConfigurationReference = D8F90FDF3B97A4364B2C804E /* Pods-MovieApp.release.xcconfig */;
			buildSettings = {
				ASSETCATALOG_COMPILER_APPICON_NAME = AppIcon;
				ASSETCATALOG_COMPILER_GLOBAL_ACCENT_COLOR_NAME = AccentColor;
				CODE_SIGN_STYLE = Automatic;
				INFOPLIST_FILE = MovieApp/Info.plist;
				LD_RUNPATH_SEARCH_PATHS = (
					"$(inherited)",
					"@executable_path/Frameworks",
				);
				PRODUCT_BUNDLE_IDENTIFIER = com.movieapp.sample.MovieApp;
				PRODUCT_NAME = "$(TARGET_NAME)";
				SWIFT_VERSION = 5.0;
				TARGETED_DEVICE_FAMILY = 1;
			};
			name = Release;
		};
		A1A0912C262F3142003CCF7E /* Debug */ = {
			isa = XCBuildConfiguration;
			baseConfigurationReference = 2DFCF760C5BCC8B0B7806CC2 /* Pods-MovieAppTests.debug.xcconfig */;
			buildSettings = {
				ALWAYS_EMBED_SWIFT_STANDARD_LIBRARIES = YES;
				BUNDLE_LOADER = "$(TEST_HOST)";
				CODE_SIGN_STYLE = Automatic;
				INFOPLIST_FILE = MovieAppTests/Info.plist;
				IPHONEOS_DEPLOYMENT_TARGET = 14.0;
				LD_RUNPATH_SEARCH_PATHS = (
					"$(inherited)",
					"@executable_path/Frameworks",
					"@loader_path/Frameworks",
				);
				PRODUCT_BUNDLE_IDENTIFIER = com.movieapp.sample.MovieAppTests;
				PRODUCT_NAME = "$(TARGET_NAME)";
				SWIFT_VERSION = 5.0;
				TARGETED_DEVICE_FAMILY = "1,2";
				TEST_HOST = "$(BUILT_PRODUCTS_DIR)/MovieApp.app/MovieApp";
			};
			name = Debug;
		};
		A1A0912D262F3142003CCF7E /* Release */ = {
			isa = XCBuildConfiguration;
			baseConfigurationReference = 27CBBF56E3993890379F8DD6 /* Pods-MovieAppTests.release.xcconfig */;
			buildSettings = {
				ALWAYS_EMBED_SWIFT_STANDARD_LIBRARIES = YES;
				BUNDLE_LOADER = "$(TEST_HOST)";
				CODE_SIGN_STYLE = Automatic;
				INFOPLIST_FILE = MovieAppTests/Info.plist;
				IPHONEOS_DEPLOYMENT_TARGET = 14.0;
				LD_RUNPATH_SEARCH_PATHS = (
					"$(inherited)",
					"@executable_path/Frameworks",
					"@loader_path/Frameworks",
				);
				PRODUCT_BUNDLE_IDENTIFIER = com.movieapp.sample.MovieAppTests;
				PRODUCT_NAME = "$(TARGET_NAME)";
				SWIFT_VERSION = 5.0;
				TARGETED_DEVICE_FAMILY = "1,2";
				TEST_HOST = "$(BUILT_PRODUCTS_DIR)/MovieApp.app/MovieApp";
			};
			name = Release;
		};
		A1A0912F262F3142003CCF7E /* Debug */ = {
			isa = XCBuildConfiguration;
			baseConfigurationReference = 28F818245FC3C7494A03E75B /* Pods-MovieApp-MovieAppUITests.debug.xcconfig */;
			buildSettings = {
				ALWAYS_EMBED_SWIFT_STANDARD_LIBRARIES = YES;
				CODE_SIGN_STYLE = Automatic;
				INFOPLIST_FILE = MovieAppUITests/Info.plist;
				LD_RUNPATH_SEARCH_PATHS = (
					"$(inherited)",
					"@executable_path/Frameworks",
					"@loader_path/Frameworks",
				);
				PRODUCT_BUNDLE_IDENTIFIER = com.movieapp.sample.MovieAppUITests;
				PRODUCT_NAME = "$(TARGET_NAME)";
				SWIFT_VERSION = 5.0;
				TARGETED_DEVICE_FAMILY = "1,2";
				TEST_TARGET_NAME = MovieApp;
			};
			name = Debug;
		};
		A1A09130262F3142003CCF7E /* Release */ = {
			isa = XCBuildConfiguration;
			baseConfigurationReference = 4DD3D6CCE054412615F571BA /* Pods-MovieApp-MovieAppUITests.release.xcconfig */;
			buildSettings = {
				ALWAYS_EMBED_SWIFT_STANDARD_LIBRARIES = YES;
				CODE_SIGN_STYLE = Automatic;
				INFOPLIST_FILE = MovieAppUITests/Info.plist;
				LD_RUNPATH_SEARCH_PATHS = (
					"$(inherited)",
					"@executable_path/Frameworks",
					"@loader_path/Frameworks",
				);
				PRODUCT_BUNDLE_IDENTIFIER = com.movieapp.sample.MovieAppUITests;
				PRODUCT_NAME = "$(TARGET_NAME)";
				SWIFT_VERSION = 5.0;
				TARGETED_DEVICE_FAMILY = "1,2";
				TEST_TARGET_NAME = MovieApp;
			};
			name = Release;
		};
/* End XCBuildConfiguration section */

/* Begin XCConfigurationList section */
		A1A090F6262F313E003CCF7E /* Build configuration list for PBXProject "MovieApp" */ = {
			isa = XCConfigurationList;
			buildConfigurations = (
				A1A09126262F3142003CCF7E /* Debug */,
				A1A09127262F3142003CCF7E /* Release */,
			);
			defaultConfigurationIsVisible = 0;
			defaultConfigurationName = Release;
		};
		A1A09128262F3142003CCF7E /* Build configuration list for PBXNativeTarget "MovieApp" */ = {
			isa = XCConfigurationList;
			buildConfigurations = (
				A1A09129262F3142003CCF7E /* Debug */,
				A1A0912A262F3142003CCF7E /* Release */,
			);
			defaultConfigurationIsVisible = 0;
			defaultConfigurationName = Release;
		};
		A1A0912B262F3142003CCF7E /* Build configuration list for PBXNativeTarget "MovieAppTests" */ = {
			isa = XCConfigurationList;
			buildConfigurations = (
				A1A0912C262F3142003CCF7E /* Debug */,
				A1A0912D262F3142003CCF7E /* Release */,
			);
			defaultConfigurationIsVisible = 0;
			defaultConfigurationName = Release;
		};
		A1A0912E262F3142003CCF7E /* Build configuration list for PBXNativeTarget "MovieAppUITests" */ = {
			isa = XCConfigurationList;
			buildConfigurations = (
				A1A0912F262F3142003CCF7E /* Debug */,
				A1A09130262F3142003CCF7E /* Release */,
			);
			defaultConfigurationIsVisible = 0;
			defaultConfigurationName = Release;
		};
/* End XCConfigurationList section */

/* Begin XCVersionGroup section */
		A1A09107262F313E003CCF7E /* MovieApp.xcdatamodeld */ = {
			isa = XCVersionGroup;
			children = (
				A1A09108262F313E003CCF7E /* MovieApp.xcdatamodel */,
			);
			currentVersion = A1A09108262F313E003CCF7E /* MovieApp.xcdatamodel */;
			path = MovieApp.xcdatamodeld;
			sourceTree = "<group>";
			versionGroupType = wrapper.xcdatamodel;
		};
/* End XCVersionGroup section */
	};
	rootObject = A1A090F3262F313E003CCF7E /* Project object */;
}
